
Microsoft Visual Studio Solution File, Format Version 12.00
Project("{FAE04EC0-301F-11D3-BF4B-00C04F79EFBC}") = "Prism.ProAssistant.Api", "Prism.ProAssistant.Api\Prism.ProAssistant.Api.csproj", "{C9002176-C0DB-4E28-8E70-5C222F783EC0}"
EndProject
Project("{FAE04EC0-301F-11D3-BF4B-00C04F79EFBC}") = "Prism.ProAssistant.Domain", "Prism.ProAssistant.Domain\Prism.ProAssistant.Domain.csproj", "{04354C93-5347-4A16-ABAB-789EAE7CDC1D}"
EndProject
Project("{FAE04EC0-301F-11D3-BF4B-00C04F79EFBC}") = "Prism.ProAssistant.Storage", "Prism.ProAssistant.Storage\Prism.ProAssistant.Storage.csproj", "{325B0069-F09E-4AAD-8616-6EBCB3C5C3E9}"
EndProject
Project("{FAE04EC0-301F-11D3-BF4B-00C04F79EFBC}") = "Prism.Infrastructure", "Prism.Infrastructure\Prism.Infrastructure.csproj", "{5354628A-6702-4983-A468-F75D435A1232}"
EndProject
Project("{FAE04EC0-301F-11D3-BF4B-00C04F79EFBC}") = "Prism.Core", "Prism.Core\Prism.Core.csproj", "{AA5F76CD-4BEF-48F5-A607-BF8EB0CB015D}"
EndProject
Project("{FAE04EC0-301F-11D3-BF4B-00C04F79EFBC}") = "Prism.Core.Tests", "Prism.Core.Tests\Prism.Core.Tests.csproj", "{2B5A1B39-836F-4D55-A795-FF963152119E}"
EndProject
Project("{FAE04EC0-301F-11D3-BF4B-00C04F79EFBC}") = "Prism.Infrastructure.Tests", "Prism.Infrastructure.Tests\Prism.Infrastructure.Tests.csproj", "{E6BC0833-314A-4BD8-915F-F676718F53D2}"
EndProject
Project("{FAE04EC0-301F-11D3-BF4B-00C04F79EFBC}") = "Prism.Temp.Migrator", "Prism.Temp.Migrator\Prism.Temp.Migrator.csproj", "{48C8197C-A03B-454F-9583-B31BC1B25389}"
EndProject
Global
	GlobalSection(SolutionConfigurationPlatforms) = preSolution
		Debug|Any CPU = Debug|Any CPU
		Release|Any CPU = Release|Any CPU
	EndGlobalSection
	GlobalSection(ProjectConfigurationPlatforms) = postSolution
		{C9002176-C0DB-4E28-8E70-5C222F783EC0}.Debug|Any CPU.ActiveCfg = Debug|Any CPU
		{C9002176-C0DB-4E28-8E70-5C222F783EC0}.Debug|Any CPU.Build.0 = Debug|Any CPU
		{C9002176-C0DB-4E28-8E70-5C222F783EC0}.Release|Any CPU.ActiveCfg = Release|Any CPU
		{C9002176-C0DB-4E28-8E70-5C222F783EC0}.Release|Any CPU.Build.0 = Release|Any CPU
		{04354C93-5347-4A16-ABAB-789EAE7CDC1D}.Debug|Any CPU.ActiveCfg = Debug|Any CPU
		{04354C93-5347-4A16-ABAB-789EAE7CDC1D}.Debug|Any CPU.Build.0 = Debug|Any CPU
		{04354C93-5347-4A16-ABAB-789EAE7CDC1D}.Release|Any CPU.ActiveCfg = Release|Any CPU
		{04354C93-5347-4A16-ABAB-789EAE7CDC1D}.Release|Any CPU.Build.0 = Release|Any CPU
		{325B0069-F09E-4AAD-8616-6EBCB3C5C3E9}.Debug|Any CPU.ActiveCfg = Debug|Any CPU
		{325B0069-F09E-4AAD-8616-6EBCB3C5C3E9}.Debug|Any CPU.Build.0 = Debug|Any CPU
		{325B0069-F09E-4AAD-8616-6EBCB3C5C3E9}.Release|Any CPU.ActiveCfg = Release|Any CPU
		{325B0069-F09E-4AAD-8616-6EBCB3C5C3E9}.Release|Any CPU.Build.0 = Release|Any CPU
		{5354628A-6702-4983-A468-F75D435A1232}.Debug|Any CPU.ActiveCfg = Debug|Any CPU
		{5354628A-6702-4983-A468-F75D435A1232}.Debug|Any CPU.Build.0 = Debug|Any CPU
		{5354628A-6702-4983-A468-F75D435A1232}.Release|Any CPU.ActiveCfg = Release|Any CPU
		{5354628A-6702-4983-A468-F75D435A1232}.Release|Any CPU.Build.0 = Release|Any CPU
		{AA5F76CD-4BEF-48F5-A607-BF8EB0CB015D}.Debug|Any CPU.ActiveCfg = Debug|Any CPU
		{AA5F76CD-4BEF-48F5-A607-BF8EB0CB015D}.Debug|Any CPU.Build.0 = Debug|Any CPU
		{AA5F76CD-4BEF-48F5-A607-BF8EB0CB015D}.Release|Any CPU.ActiveCfg = Release|Any CPU
		{AA5F76CD-4BEF-48F5-A607-BF8EB0CB015D}.Release|Any CPU.Build.0 = Release|Any CPU
		{2B5A1B39-836F-4D55-A795-FF963152119E}.Debug|Any CPU.ActiveCfg = Debug|Any CPU
		{2B5A1B39-836F-4D55-A795-FF963152119E}.Debug|Any CPU.Build.0 = Debug|Any CPU
		{2B5A1B39-836F-4D55-A795-FF963152119E}.Release|Any CPU.ActiveCfg = Release|Any CPU
		{2B5A1B39-836F-4D55-A795-FF963152119E}.Release|Any CPU.Build.0 = Release|Any CPU
		{E6BC0833-314A-4BD8-915F-F676718F53D2}.Debug|Any CPU.ActiveCfg = Debug|Any CPU
		{E6BC0833-314A-4BD8-915F-F676718F53D2}.Debug|Any CPU.Build.0 = Debug|Any CPU
		{E6BC0833-314A-4BD8-915F-F676718F53D2}.Release|Any CPU.ActiveCfg = Release|Any CPU
		{E6BC0833-314A-4BD8-915F-F676718F53D2}.Release|Any CPU.Build.0 = Release|Any CPU
		{48C8197C-A03B-454F-9583-B31BC1B25389}.Debug|Any CPU.ActiveCfg = Debug|Any CPU
		{48C8197C-A03B-454F-9583-B31BC1B25389}.Debug|Any CPU.Build.0 = Debug|Any CPU
		{48C8197C-A03B-454F-9583-B31BC1B25389}.Release|Any CPU.ActiveCfg = Release|Any CPU
		{48C8197C-A03B-454F-9583-B31BC1B25389}.Release|Any CPU.Build.0 = Release|Any CPU
	EndGlobalSection
EndGlobal
